
Microsoft Visual Studio Solution File, Format Version 12.00
# Visual Studio 15
Project("{FAE04EC0-301F-11D3-BF4B-00C04F79EFBC}") = "Hash", "Hash\Hash.csproj", "{014CB49B-1AE9-47CD-AB9D-D67E5024820C}"
EndProject
Global
	GlobalSection(SolutionConfigurationPlatforms) = preSolution
		Debug|anycpu = Debug|anycpu
		Release|anycpu = Release|anycpu
	EndGlobalSection
	GlobalSection(ProjectConfigurationPlatforms) = postSolution
		{014CB49B-1AE9-47CD-AB9D-D67E5024820C}.Debug|anycpu.ActiveCfg = Debug|anycpu
		{014CB49B-1AE9-47CD-AB9D-D67E5024820C}.Debug|anycpu.Build.0 = Debug|anycpu
		{014CB49B-1AE9-47CD-AB9D-D67E5024820C}.Release|anycpu.ActiveCfg = Release|anycpu
		{014CB49B-1AE9-47CD-AB9D-D67E5024820C}.Release|anycpu.Build.0 = Release|anycpu
	EndGlobalSection
EndGlobal
